
Microsoft Visual Studio Solution File, Format Version 12.00
# Visual Studio 15
VisualStudioVersion = 15.0.26730.16
MinimumVisualStudioVersion = 10.0.40219.1
Project("{FAE04EC0-301F-11D3-BF4B-00C04F79EFBC}") = "ProductsServer", "ServiceBusHybridRelay\ProductsServer.csproj", "{B4C78161-43C6-4D6F-A394-5103CE1EDE13}"
EndProject
Project("{FAE04EC0-301F-11D3-BF4B-00C04F79EFBC}") = "ProductsModel", "ProductsModel\ProductsModel.csproj", "{20F79CD4-EB9F-47FC-AE9F-C4EECC1CB75A}"
EndProject
Project("{FAE04EC0-301F-11D3-BF4B-00C04F79EFBC}") = "ProductPortal", "ProductPortal\ProductPortal.csproj", "{F2E44C29-A92D-4E0D-8E78-81A1F275ECF7}"
	ProjectSection(ProjectDependencies) = postProject
		{B4C78161-43C6-4D6F-A394-5103CE1EDE13} = {B4C78161-43C6-4D6F-A394-5103CE1EDE13}
		{20F79CD4-EB9F-47FC-AE9F-C4EECC1CB75A} = {20F79CD4-EB9F-47FC-AE9F-C4EECC1CB75A}
	EndProjectSection
EndProject
Global
	GlobalSection(SolutionConfigurationPlatforms) = preSolution
		Debug|Any CPU = Debug|Any CPU
		Release|Any CPU = Release|Any CPU
	EndGlobalSection
	GlobalSection(ProjectConfigurationPlatforms) = postSolution
		{B4C78161-43C6-4D6F-A394-5103CE1EDE13}.Debug|Any CPU.ActiveCfg = Debug|Any CPU
		{B4C78161-43C6-4D6F-A394-5103CE1EDE13}.Debug|Any CPU.Build.0 = Debug|Any CPU
		{B4C78161-43C6-4D6F-A394-5103CE1EDE13}.Release|Any CPU.ActiveCfg = Release|Any CPU
		{B4C78161-43C6-4D6F-A394-5103CE1EDE13}.Release|Any CPU.Build.0 = Release|Any CPU
		{20F79CD4-EB9F-47FC-AE9F-C4EECC1CB75A}.Debug|Any CPU.ActiveCfg = Debug|Any CPU
		{20F79CD4-EB9F-47FC-AE9F-C4EECC1CB75A}.Debug|Any CPU.Build.0 = Debug|Any CPU
		{20F79CD4-EB9F-47FC-AE9F-C4EECC1CB75A}.Release|Any CPU.ActiveCfg = Release|Any CPU
		{20F79CD4-EB9F-47FC-AE9F-C4EECC1CB75A}.Release|Any CPU.Build.0 = Release|Any CPU
		{F2E44C29-A92D-4E0D-8E78-81A1F275ECF7}.Debug|Any CPU.ActiveCfg = Debug|Any CPU
		{F2E44C29-A92D-4E0D-8E78-81A1F275ECF7}.Debug|Any CPU.Build.0 = Debug|Any CPU
		{F2E44C29-A92D-4E0D-8E78-81A1F275ECF7}.Release|Any CPU.ActiveCfg = Release|Any CPU
		{F2E44C29-A92D-4E0D-8E78-81A1F275ECF7}.Release|Any CPU.Build.0 = Release|Any CPU
	EndGlobalSection
	GlobalSection(SolutionProperties) = preSolution
		HideSolutionNode = FALSE
	EndGlobalSection
	GlobalSection(ExtensibilityGlobals) = postSolution
		SolutionGuid = {767B527B-77FE-4113-BD73-B0032130AA84}
	EndGlobalSection
EndGlobal
